
Microsoft Visual Studio Solution File, Format Version 12.00
# Visual Studio Version 17
VisualStudioVersion = 17.1.32210.238
MinimumVisualStudioVersion = 10.0.40219.1
Project("{FAE04EC0-301F-11D3-BF4B-00C04F79EFBC}") = "esercitazione-code", "esercitazione-code\esercitazione-code.csproj", "{D19C65E4-5BC7-4B5E-84B9-BA20EE410F4B}"
EndProject
Global
	GlobalSection(SolutionConfigurationPlatforms) = preSolution
		Debug|Any CPU = Debug|Any CPU
		Release|Any CPU = Release|Any CPU
	EndGlobalSection
	GlobalSection(ProjectConfigurationPlatforms) = postSolution
		{D19C65E4-5BC7-4B5E-84B9-BA20EE410F4B}.Debug|Any CPU.ActiveCfg = Debug|Any CPU
		{D19C65E4-5BC7-4B5E-84B9-BA20EE410F4B}.Debug|Any CPU.Build.0 = Debug|Any CPU
		{D19C65E4-5BC7-4B5E-84B9-BA20EE410F4B}.Release|Any CPU.ActiveCfg = Release|Any CPU
		{D19C65E4-5BC7-4B5E-84B9-BA20EE410F4B}.Release|Any CPU.Build.0 = Release|Any CPU
	EndGlobalSection
	GlobalSection(SolutionProperties) = preSolution
		HideSolutionNode = FALSE
	EndGlobalSection
	GlobalSection(ExtensibilityGlobals) = postSolution
		SolutionGuid = {5694E21D-9A3F-4C98-9797-671B2A332E55}
	EndGlobalSection
EndGlobal
